{
  "requires": true,
  "lockfileVersion": 1,
  "dependencies": {
    "cropper": {
      "version": "4.0.0",
      "resolved": "https://registry.npmjs.org/cropper/-/cropper-4.0.0.tgz",
      "integrity": "sha512-l0RVf5hHww+iSIJ5ZQRwRRljYjvxA4Rt4qUICR/MjCReif7mW/S68RekM7X2+mip0mG9XQ1oMY9o0v6wi59ftw==",
      "requires": {
        "cropperjs": "1.4.1"
      }
    },
    "cropperjs": {
      "version": "1.4.1",
      "resolved": "https://registry.npmjs.org/cropperjs/-/cropperjs-1.4.1.tgz",
      "integrity": "sha512-PzKN8nVbFCxw5vp4nLMtsMcBcRtBJzliPZMr9HpbJ75vZuTK3mSbimKEfmxXmJwiF+ngp/JVd1wh5F7z3h4lUg=="
    },
    "jquery": {
      "version": "3.3.1",
      "resolved": "https://registry.npmjs.org/jquery/-/jquery-3.3.1.tgz",
      "integrity": "sha512-Ubldcmxp5np52/ENotGxlLe6aGMvmF4R8S6tZjsP6Knsaxd/xp3Zrh50cG93lR6nPXyUFwzN3ZSOQI0wRJNdGg=="
    }
  }
}
